
Microsoft Visual Studio Solution File, Format Version 12.00
# Visual Studio Version 17
VisualStudioVersion = 17.8.34330.188
MinimumVisualStudioVersion = 10.0.40219.1
Project("{2150E333-8FDC-42A3-9474-1A3956D46DE8}") = "FrontEnd", "FrontEnd", "{9E055551-5360-47E6-992A-A4371A5158FF}"
EndProject
Project("{2150E333-8FDC-42A3-9474-1A3956D46DE8}") = "Gateway", "Gateway", "{41C0348C-7876-44EE-B629-62E63100F281}"
EndProject
Project("{2150E333-8FDC-42A3-9474-1A3956D46DE8}") = "Integration", "Integration", "{F3EA4997-A07C-424A-B9A3-E290D4E0EE18}"
EndProject
Project("{2150E333-8FDC-42A3-9474-1A3956D46DE8}") = "Services", "Services", "{A061807B-2351-433A-A634-864636D2E8F8}"
EndProject
Project("{9A19103F-16F7-4668-BE54-9A1E7A4F7556}") = "Mango.Services.CouponAPI", "Mango.Services.CouponAPI\Mango.Services.CouponAPI.csproj", "{57CF5747-10A7-47DD-AFA7-2D5BF9694049}"
EndProject
Project("{9A19103F-16F7-4668-BE54-9A1E7A4F7556}") = "Mango.Web", "Mango.Web\Mango.Web.csproj", "{0E727F63-8EA4-4C3E-BBD0-CB3F8D7D6EDB}"
EndProject
Project("{9A19103F-16F7-4668-BE54-9A1E7A4F7556}") = "Mango.Services.AuthAPI", "Mango.Services.AuthAPI\Mango.Services.AuthAPI.csproj", "{D50C2B78-DFC9-4A5A-BD63-3A6F94FFDA40}"
EndProject
Project("{9A19103F-16F7-4668-BE54-9A1E7A4F7556}") = "Mango.Services.ProductAPI", "Mango.Services.ProductAPI\Mango.Services.ProductAPI.csproj", "{287D25DF-1D09-40CC-8328-3E7A36CF6AB7}"
EndProject
Project("{9A19103F-16F7-4668-BE54-9A1E7A4F7556}") = "Mango.Services.ShoppingCartAPI", "Mango.Services.ShoppingCartAPI\Mango.Services.ShoppingCartAPI.csproj", "{B7DBDE5B-C5B3-41A8-A835-2004F9121FAF}"
EndProject
Project("{9A19103F-16F7-4668-BE54-9A1E7A4F7556}") = "Mango.MessageBus", "Mango.MessageBus\Mango.MessageBus.csproj", "{7F2242B4-5791-446B-BD93-745A58793FC8}"
EndProject
Project("{9A19103F-16F7-4668-BE54-9A1E7A4F7556}") = "Mango.Services.EmailAPI", "Mango.Services.EmailAPI\Mango.Services.EmailAPI.csproj", "{FC480A97-3A73-4C07-A025-AD75AAB5CA97}"
EndProject
Project("{9A19103F-16F7-4668-BE54-9A1E7A4F7556}") = "Mango.Services.OrderAPI", "Mango.Services.OrderAPI\Mango.Services.OrderAPI.csproj", "{F2DCBD90-FC11-442B-9610-28E497BAE011}"
EndProject
Project("{9A19103F-16F7-4668-BE54-9A1E7A4F7556}") = "Mango.Services.RewardsAPI", "Mango.Services.RewardsAPI\Mango.Services.RewardsAPI.csproj", "{3563B8F3-5CBA-4737-9308-D89A20A227F6}"
EndProject
Project("{FAE04EC0-301F-11D3-BF4B-00C04F79EFBC}") = "Mango.GatewaySolution", "Mango.GatewaySolution\Mango.GatewaySolution.csproj", "{BB2CE998-E9C9-47C0-8E79-06A50088AEF3}"
EndProject
Global
	GlobalSection(SolutionConfigurationPlatforms) = preSolution
		Debug|Any CPU = Debug|Any CPU
		Release|Any CPU = Release|Any CPU
	EndGlobalSection
	GlobalSection(ProjectConfigurationPlatforms) = postSolution
		{57CF5747-10A7-47DD-AFA7-2D5BF9694049}.Debug|Any CPU.ActiveCfg = Debug|Any CPU
		{57CF5747-10A7-47DD-AFA7-2D5BF9694049}.Debug|Any CPU.Build.0 = Debug|Any CPU
		{57CF5747-10A7-47DD-AFA7-2D5BF9694049}.Release|Any CPU.ActiveCfg = Release|Any CPU
		{57CF5747-10A7-47DD-AFA7-2D5BF9694049}.Release|Any CPU.Build.0 = Release|Any CPU
		{0E727F63-8EA4-4C3E-BBD0-CB3F8D7D6EDB}.Debug|Any CPU.ActiveCfg = Debug|Any CPU
		{0E727F63-8EA4-4C3E-BBD0-CB3F8D7D6EDB}.Debug|Any CPU.Build.0 = Debug|Any CPU
		{0E727F63-8EA4-4C3E-BBD0-CB3F8D7D6EDB}.Release|Any CPU.ActiveCfg = Release|Any CPU
		{0E727F63-8EA4-4C3E-BBD0-CB3F8D7D6EDB}.Release|Any CPU.Build.0 = Release|Any CPU
		{D50C2B78-DFC9-4A5A-BD63-3A6F94FFDA40}.Debug|Any CPU.ActiveCfg = Debug|Any CPU
		{D50C2B78-DFC9-4A5A-BD63-3A6F94FFDA40}.Debug|Any CPU.Build.0 = Debug|Any CPU
		{D50C2B78-DFC9-4A5A-BD63-3A6F94FFDA40}.Release|Any CPU.ActiveCfg = Release|Any CPU
		{D50C2B78-DFC9-4A5A-BD63-3A6F94FFDA40}.Release|Any CPU.Build.0 = Release|Any CPU
		{287D25DF-1D09-40CC-8328-3E7A36CF6AB7}.Debug|Any CPU.ActiveCfg = Debug|Any CPU
		{287D25DF-1D09-40CC-8328-3E7A36CF6AB7}.Debug|Any CPU.Build.0 = Debug|Any CPU
		{287D25DF-1D09-40CC-8328-3E7A36CF6AB7}.Release|Any CPU.ActiveCfg = Release|Any CPU
		{287D25DF-1D09-40CC-8328-3E7A36CF6AB7}.Release|Any CPU.Build.0 = Release|Any CPU
		{B7DBDE5B-C5B3-41A8-A835-2004F9121FAF}.Debug|Any CPU.ActiveCfg = Debug|Any CPU
		{B7DBDE5B-C5B3-41A8-A835-2004F9121FAF}.Debug|Any CPU.Build.0 = Debug|Any CPU
		{B7DBDE5B-C5B3-41A8-A835-2004F9121FAF}.Release|Any CPU.ActiveCfg = Release|Any CPU
		{B7DBDE5B-C5B3-41A8-A835-2004F9121FAF}.Release|Any CPU.Build.0 = Release|Any CPU
		{7F2242B4-5791-446B-BD93-745A58793FC8}.Debug|Any CPU.ActiveCfg = Debug|Any CPU
		{7F2242B4-5791-446B-BD93-745A58793FC8}.Debug|Any CPU.Build.0 = Debug|Any CPU
		{7F2242B4-5791-446B-BD93-745A58793FC8}.Release|Any CPU.ActiveCfg = Release|Any CPU
		{7F2242B4-5791-446B-BD93-745A58793FC8}.Release|Any CPU.Build.0 = Release|Any CPU
		{FC480A97-3A73-4C07-A025-AD75AAB5CA97}.Debug|Any CPU.ActiveCfg = Debug|Any CPU
		{FC480A97-3A73-4C07-A025-AD75AAB5CA97}.Debug|Any CPU.Build.0 = Debug|Any CPU
		{FC480A97-3A73-4C07-A025-AD75AAB5CA97}.Release|Any CPU.ActiveCfg = Release|Any CPU
		{FC480A97-3A73-4C07-A025-AD75AAB5CA97}.Release|Any CPU.Build.0 = Release|Any CPU
		{F2DCBD90-FC11-442B-9610-28E497BAE011}.Debug|Any CPU.ActiveCfg = Debug|Any CPU
		{F2DCBD90-FC11-442B-9610-28E497BAE011}.Debug|Any CPU.Build.0 = Debug|Any CPU
		{F2DCBD90-FC11-442B-9610-28E497BAE011}.Release|Any CPU.ActiveCfg = Release|Any CPU
		{F2DCBD90-FC11-442B-9610-28E497BAE011}.Release|Any CPU.Build.0 = Release|Any CPU
		{3563B8F3-5CBA-4737-9308-D89A20A227F6}.Debug|Any CPU.ActiveCfg = Debug|Any CPU
		{3563B8F3-5CBA-4737-9308-D89A20A227F6}.Debug|Any CPU.Build.0 = Debug|Any CPU
		{3563B8F3-5CBA-4737-9308-D89A20A227F6}.Release|Any CPU.ActiveCfg = Release|Any CPU
		{3563B8F3-5CBA-4737-9308-D89A20A227F6}.Release|Any CPU.Build.0 = Release|Any CPU
		{BB2CE998-E9C9-47C0-8E79-06A50088AEF3}.Debug|Any CPU.ActiveCfg = Debug|Any CPU
		{BB2CE998-E9C9-47C0-8E79-06A50088AEF3}.Debug|Any CPU.Build.0 = Debug|Any CPU
		{BB2CE998-E9C9-47C0-8E79-06A50088AEF3}.Release|Any CPU.ActiveCfg = Release|Any CPU
		{BB2CE998-E9C9-47C0-8E79-06A50088AEF3}.Release|Any CPU.Build.0 = Release|Any CPU
	EndGlobalSection
	GlobalSection(SolutionProperties) = preSolution
		HideSolutionNode = FALSE
	EndGlobalSection
	GlobalSection(NestedProjects) = preSolution
		{57CF5747-10A7-47DD-AFA7-2D5BF9694049} = {A061807B-2351-433A-A634-864636D2E8F8}
		{0E727F63-8EA4-4C3E-BBD0-CB3F8D7D6EDB} = {9E055551-5360-47E6-992A-A4371A5158FF}
		{D50C2B78-DFC9-4A5A-BD63-3A6F94FFDA40} = {A061807B-2351-433A-A634-864636D2E8F8}
		{287D25DF-1D09-40CC-8328-3E7A36CF6AB7} = {A061807B-2351-433A-A634-864636D2E8F8}
		{B7DBDE5B-C5B3-41A8-A835-2004F9121FAF} = {A061807B-2351-433A-A634-864636D2E8F8}
		{7F2242B4-5791-446B-BD93-745A58793FC8} = {F3EA4997-A07C-424A-B9A3-E290D4E0EE18}
		{FC480A97-3A73-4C07-A025-AD75AAB5CA97} = {A061807B-2351-433A-A634-864636D2E8F8}
		{F2DCBD90-FC11-442B-9610-28E497BAE011} = {A061807B-2351-433A-A634-864636D2E8F8}
		{3563B8F3-5CBA-4737-9308-D89A20A227F6} = {A061807B-2351-433A-A634-864636D2E8F8}
		{BB2CE998-E9C9-47C0-8E79-06A50088AEF3} = {41C0348C-7876-44EE-B629-62E63100F281}
	EndGlobalSection
	GlobalSection(ExtensibilityGlobals) = postSolution
		SolutionGuid = {BA88C299-01CA-46AB-89FF-CDD7C467210C}
	EndGlobalSection
EndGlobal
