
Microsoft Visual Studio Solution File, Format Version 12.00
# Visual Studio Version 17
VisualStudioVersion = 17.8.34330.188
MinimumVisualStudioVersion = 10.0.40219.1
Project("{2150E333-8FDC-42A3-9474-1A3956D46DE8}") = "FrontEnd", "FrontEnd", "{9E055551-5360-47E6-992A-A4371A5158FF}"
EndProject
Project("{2150E333-8FDC-42A3-9474-1A3956D46DE8}") = "Gateway", "Gateway", "{41C0348C-7876-44EE-B629-62E63100F281}"
EndProject
Project("{2150E333-8FDC-42A3-9474-1A3956D46DE8}") = "Integration", "Integration", "{F3EA4997-A07C-424A-B9A3-E290D4E0EE18}"
EndProject
Project("{2150E333-8FDC-42A3-9474-1A3956D46DE8}") = "Services", "Services", "{A061807B-2351-433A-A634-864636D2E8F8}"
EndProject
Project("{FAE04EC0-301F-11D3-BF4B-00C04F79EFBC}") = "Mango.Services.CouponAPI", "Mango.Services.CouponAPI\Mango.Services.CouponAPI.csproj", "{57CF5747-10A7-47DD-AFA7-2D5BF9694049}"
EndProject
Project("{FAE04EC0-301F-11D3-BF4B-00C04F79EFBC}") = "Mango.Web", "Mango.Web\Mango.Web.csproj", "{0E727F63-8EA4-4C3E-BBD0-CB3F8D7D6EDB}"
EndProject
Global
	GlobalSection(SolutionConfigurationPlatforms) = preSolution
		Debug|Any CPU = Debug|Any CPU
		Release|Any CPU = Release|Any CPU
	EndGlobalSection
	GlobalSection(ProjectConfigurationPlatforms) = postSolution
		{57CF5747-10A7-47DD-AFA7-2D5BF9694049}.Debug|Any CPU.ActiveCfg = Debug|Any CPU
		{57CF5747-10A7-47DD-AFA7-2D5BF9694049}.Debug|Any CPU.Build.0 = Debug|Any CPU
		{57CF5747-10A7-47DD-AFA7-2D5BF9694049}.Release|Any CPU.ActiveCfg = Release|Any CPU
		{57CF5747-10A7-47DD-AFA7-2D5BF9694049}.Release|Any CPU.Build.0 = Release|Any CPU
		{0E727F63-8EA4-4C3E-BBD0-CB3F8D7D6EDB}.Debug|Any CPU.ActiveCfg = Debug|Any CPU
		{0E727F63-8EA4-4C3E-BBD0-CB3F8D7D6EDB}.Debug|Any CPU.Build.0 = Debug|Any CPU
		{0E727F63-8EA4-4C3E-BBD0-CB3F8D7D6EDB}.Release|Any CPU.ActiveCfg = Release|Any CPU
		{0E727F63-8EA4-4C3E-BBD0-CB3F8D7D6EDB}.Release|Any CPU.Build.0 = Release|Any CPU
	EndGlobalSection
	GlobalSection(SolutionProperties) = preSolution
		HideSolutionNode = FALSE
	EndGlobalSection
	GlobalSection(NestedProjects) = preSolution
		{57CF5747-10A7-47DD-AFA7-2D5BF9694049} = {A061807B-2351-433A-A634-864636D2E8F8}
		{0E727F63-8EA4-4C3E-BBD0-CB3F8D7D6EDB} = {9E055551-5360-47E6-992A-A4371A5158FF}
	EndGlobalSection
	GlobalSection(ExtensibilityGlobals) = postSolution
		SolutionGuid = {BA88C299-01CA-46AB-89FF-CDD7C467210C}
	EndGlobalSection
EndGlobal
